
Microsoft Visual Studio Solution File, Format Version 12.00
# Visual Studio Version 17
VisualStudioVersion = 17.0.31903.59
MinimumVisualStudioVersion = 10.0.40219.1
Project("{FAE04EC0-301F-11D3-BF4B-00C04F79EFBC}") = "Cobra.Api", "Cobra.Api\Cobra.Api.csproj", "{13D9F052-1522-4C65-9DB0-CA43DAC15AA1}"
EndProject
Project("{FAE04EC0-301F-11D3-BF4B-00C04F79EFBC}") = "Cobra.SeedRunner", "tools\Cobra.SeedRunner\Cobra.SeedRunner.csproj", "{251D6FAF-1678-9C6F-E938-2756137097B8}"
EndProject
Project("{FAE04EC0-301F-11D3-BF4B-00C04F79EFBC}") = "Cobra.Api.Tests", "Cobra.Api.Tests\Cobra.Api.Tests.csproj", "{8DB027AE-E59E-4819-A3AD-4A827C95F0DD}"
EndProject
Global
	GlobalSection(SolutionConfigurationPlatforms) = preSolution
		Debug|Any CPU = Debug|Any CPU
		Debug|x64 = Debug|x64
		Debug|x86 = Debug|x86
		Release|Any CPU = Release|Any CPU
		Release|x64 = Release|x64
		Release|x86 = Release|x86
	EndGlobalSection
	GlobalSection(ProjectConfigurationPlatforms) = postSolution
		{13D9F052-1522-4C65-9DB0-CA43DAC15AA1}.Debug|Any CPU.ActiveCfg = Debug|Any CPU
		{13D9F052-1522-4C65-9DB0-CA43DAC15AA1}.Debug|Any CPU.Build.0 = Debug|Any CPU
		{13D9F052-1522-4C65-9DB0-CA43DAC15AA1}.Debug|x64.ActiveCfg = Debug|Any CPU
		{13D9F052-1522-4C65-9DB0-CA43DAC15AA1}.Debug|x64.Build.0 = Debug|Any CPU
		{13D9F052-1522-4C65-9DB0-CA43DAC15AA1}.Debug|x86.ActiveCfg = Debug|Any CPU
		{13D9F052-1522-4C65-9DB0-CA43DAC15AA1}.Debug|x86.Build.0 = Debug|Any CPU
		{13D9F052-1522-4C65-9DB0-CA43DAC15AA1}.Release|Any CPU.ActiveCfg = Release|Any CPU
		{13D9F052-1522-4C65-9DB0-CA43DAC15AA1}.Release|Any CPU.Build.0 = Release|Any CPU
		{13D9F052-1522-4C65-9DB0-CA43DAC15AA1}.Release|x64.ActiveCfg = Release|Any CPU
		{13D9F052-1522-4C65-9DB0-CA43DAC15AA1}.Release|x64.Build.0 = Release|Any CPU
		{13D9F052-1522-4C65-9DB0-CA43DAC15AA1}.Release|x86.ActiveCfg = Release|Any CPU
		{13D9F052-1522-4C65-9DB0-CA43DAC15AA1}.Release|x86.Build.0 = Release|Any CPU
		{251D6FAF-1678-9C6F-E938-2756137097B8}.Debug|Any CPU.ActiveCfg = Debug|Any CPU
		{251D6FAF-1678-9C6F-E938-2756137097B8}.Debug|Any CPU.Build.0 = Debug|Any CPU
		{251D6FAF-1678-9C6F-E938-2756137097B8}.Debug|x64.ActiveCfg = Debug|Any CPU
		{251D6FAF-1678-9C6F-E938-2756137097B8}.Debug|x64.Build.0 = Debug|Any CPU
		{251D6FAF-1678-9C6F-E938-2756137097B8}.Debug|x86.ActiveCfg = Debug|Any CPU
		{251D6FAF-1678-9C6F-E938-2756137097B8}.Debug|x86.Build.0 = Debug|Any CPU
		{251D6FAF-1678-9C6F-E938-2756137097B8}.Release|Any CPU.ActiveCfg = Release|Any CPU
		{251D6FAF-1678-9C6F-E938-2756137097B8}.Release|Any CPU.Build.0 = Release|Any CPU
		{251D6FAF-1678-9C6F-E938-2756137097B8}.Release|x64.ActiveCfg = Release|Any CPU
		{251D6FAF-1678-9C6F-E938-2756137097B8}.Release|x64.Build.0 = Release|Any CPU
		{251D6FAF-1678-9C6F-E938-2756137097B8}.Release|x86.ActiveCfg = Release|Any CPU
		{251D6FAF-1678-9C6F-E938-2756137097B8}.Release|x86.Build.0 = Release|Any CPU
		{8DB027AE-E59E-4819-A3AD-4A827C95F0DD}.Debug|Any CPU.ActiveCfg = Debug|Any CPU
		{8DB027AE-E59E-4819-A3AD-4A827C95F0DD}.Debug|Any CPU.Build.0 = Debug|Any CPU
		{8DB027AE-E59E-4819-A3AD-4A827C95F0DD}.Debug|x64.ActiveCfg = Debug|Any CPU
		{8DB027AE-E59E-4819-A3AD-4A827C95F0DD}.Debug|x64.Build.0 = Debug|Any CPU
		{8DB027AE-E59E-4819-A3AD-4A827C95F0DD}.Debug|x86.ActiveCfg = Debug|Any CPU
		{8DB027AE-E59E-4819-A3AD-4A827C95F0DD}.Debug|x86.Build.0 = Debug|Any CPU
		{8DB027AE-E59E-4819-A3AD-4A827C95F0DD}.Release|Any CPU.ActiveCfg = Release|Any CPU
		{8DB027AE-E59E-4819-A3AD-4A827C95F0DD}.Release|Any CPU.Build.0 = Release|Any CPU
		{8DB027AE-E59E-4819-A3AD-4A827C95F0DD}.Release|x64.ActiveCfg = Release|Any CPU
		{8DB027AE-E59E-4819-A3AD-4A827C95F0DD}.Release|x64.Build.0 = Release|Any CPU
		{8DB027AE-E59E-4819-A3AD-4A827C95F0DD}.Release|x86.ActiveCfg = Release|Any CPU
		{8DB027AE-E59E-4819-A3AD-4A827C95F0DD}.Release|x86.Build.0 = Release|Any CPU
	EndGlobalSection
	GlobalSection(SolutionProperties) = preSolution
		HideSolutionNode = FALSE
	EndGlobalSection
EndGlobal
